
Microsoft Visual Studio Solution File, Format Version 12.00
# Visual Studio Version 17
VisualStudioVersion = 17.5.33516.290
MinimumVisualStudioVersion = 10.0.40219.1
Project("{FAE04EC0-301F-11D3-BF4B-00C04F79EFBC}") = "PW4_3", "PW4_3.csproj", "{929166E4-E4A9-4879-BE0E-9EE1D9CF7A32}"
EndProject
Global
	GlobalSection(SolutionConfigurationPlatforms) = preSolution
		Debug|Any CPU = Debug|Any CPU
		Release|Any CPU = Release|Any CPU
	EndGlobalSection
	GlobalSection(ProjectConfigurationPlatforms) = postSolution
		{929166E4-E4A9-4879-BE0E-9EE1D9CF7A32}.Debug|Any CPU.ActiveCfg = Debug|Any CPU
		{929166E4-E4A9-4879-BE0E-9EE1D9CF7A32}.Debug|Any CPU.Build.0 = Debug|Any CPU
		{929166E4-E4A9-4879-BE0E-9EE1D9CF7A32}.Release|Any CPU.ActiveCfg = Release|Any CPU
		{929166E4-E4A9-4879-BE0E-9EE1D9CF7A32}.Release|Any CPU.Build.0 = Release|Any CPU
	EndGlobalSection
	GlobalSection(SolutionProperties) = preSolution
		HideSolutionNode = FALSE
	EndGlobalSection
	GlobalSection(ExtensibilityGlobals) = postSolution
		SolutionGuid = {D2F411B3-A2C3-49A6-99BA-FB6D14F8714A}
	EndGlobalSection
EndGlobal
